<?xml version="1.0" encoding="utf-8"?>
<Project ToolsVersion="4.0" xmlns="http://schemas.microsoft.com/developer/msbuild/2003">
  <ItemGroup>
    <Filter Include="Resource Files">
      <UniqueIdentifier>{67DA6AB6-F800-4c08-8B7A-83BB121AAD01}</UniqueIdentifier>
      <Extensions>rc;ico;cur;bmp;dlg;rc2;rct;bin;rgs;gif;jpg;jpeg;jpe;resx;tiff;tif;png;wav;mfcribbon-ms</Extensions>
    </Filter>
    <Filter Include="System">
      <UniqueIdentifier>{09b30bb9-4c1f-4b7e-ad39-d4d44cab2b8f}</UniqueIdentifier>
    </Filter>
    <Filter Include="Graphics">
      <UniqueIdentifier>{cc497b9e-8cba-453e-bd1f-eadf013ff41f}</UniqueIdentifier>
    </Filter>
    <Filter Include="System\Entities">
      <UniqueIdentifier>{365ef6d7-8d8c-4e23-bb4f-2ce2ab706191}</UniqueIdentifier>
    </Filter>
    <Filter Include="System\Kernel">
      <UniqueIdentifier>{ac87da0c-6b74-4505-a202-287a7ff6f166}</UniqueIdentifier>
    </Filter>
    <Filter Include="DataManager">
      <UniqueIdentifier>{0b3bb50b-6de7-4bd7-865a-a5b34da1ea79}</UniqueIdentifier>
    </Filter>
    <Filter Include="Libraries">
      <UniqueIdentifier>{9a89aa61-dfa0-470e-b27c-f83312c93a0c}</UniqueIdentifier>
    </Filter>
    <Filter Include="Libraries\nanovg">
      <UniqueIdentifier>{7039951c-4244-4541-9502-b4b9622f3e39}</UniqueIdentifier>
    </Filter>
    <Filter Include="Graphics\UI">
      <UniqueIdentifier>{f63f2d64-82cf-4be2-986a-c483b8b73151}</UniqueIdentifier>
    </Filter>
  </ItemGroup>
  <ItemGroup>
    <ClCompile Include="..\Libraries\nanovg\src\nanovg.c">
      <Filter>Libraries\nanovg</Filter>
    </ClCompile>
    <ClCompile Include="main.cpp" />
    <ClCompile Include="..\Graphics\OdGrGraphics.cpp">
      <Filter>Graphics</Filter>
    </ClCompile>
  </ItemGroup>
  <ItemGroup>
    <ClInclude Include="..\System\Entities\OdSyEntity.h">
      <Filter>System\Entities</Filter>
    </ClInclude>
    <ClInclude Include="..\System\OdSyCore.h">
      <Filter>System</Filter>
    </ClInclude>
    <ClInclude Include="..\Graphics\OdGrGraphics.h">
      <Filter>Graphics</Filter>
    </ClInclude>
    <ClInclude Include="..\Graphics\OdGrMainWindow.h">
      <Filter>Graphics</Filter>
    </ClInclude>
    <ClInclude Include="..\Graphics\UI\OdGrUiButton.h">
      <Filter>Graphics\UI</Filter>
    </ClInclude>
    <ClInclude Include="..\Graphics\UI\OdGrUiComponent.h">
      <Filter>Graphics\UI</Filter>
    </ClInclude>
    <ClInclude Include="..\Graphics\UI\OdGrUiComponents.h">
      <Filter>Graphics\UI</Filter>
    </ClInclude>
    <ClInclude Include="..\Graphics\UI\OdGrUiInput.h">
      <Filter>Graphics\UI</Filter>
    </ClInclude>
    <ClInclude Include="..\Graphics\UI\OdGrUiWindow.h">
      <Filter>Graphics\UI</Filter>
    </ClInclude>
    <ClInclude Include="..\System\Kernel\OdSyColour.h">
      <Filter>System\Kernel</Filter>
    </ClInclude>
    <ClInclude Include="..\System\OdSyApplication.h">
      <Filter>System</Filter>
    </ClInclude>
    <ClInclude Include="..\System\Kernel\OdSyPoint.h">
      <Filter>System\Kernel</Filter>
    </ClInclude>
  </ItemGroup>
</Project>