<?xml version="1.0" encoding="utf-8"?>
<Project ToolsVersion="4.0" xmlns="http://schemas.microsoft.com/developer/msbuild/2003">
  <ItemGroup>
    <Filter Include="Resource Files">
      <UniqueIdentifier>{67DA6AB6-F800-4c08-8B7A-83BB121AAD01}</UniqueIdentifier>
      <Extensions>rc;ico;cur;bmp;dlg;rc2;rct;bin;rgs;gif;jpg;jpeg;jpe;resx;tiff;tif;png;wav;mfcribbon-ms</Extensions>
    </Filter>
    <Filter Include="System">
      <UniqueIdentifier>{09b30bb9-4c1f-4b7e-ad39-d4d44cab2b8f}</UniqueIdentifier>
    </Filter>
    <Filter Include="Graphics">
      <UniqueIdentifier>{cc497b9e-8cba-453e-bd1f-eadf013ff41f}</UniqueIdentifier>
    </Filter>
    <Filter Include="System\Entities">
      <UniqueIdentifier>{365ef6d7-8d8c-4e23-bb4f-2ce2ab706191}</UniqueIdentifier>
    </Filter>
    <Filter Include="DataManager">
      <UniqueIdentifier>{0b3bb50b-6de7-4bd7-865a-a5b34da1ea79}</UniqueIdentifier>
    </Filter>
    <Filter Include="Libraries">
      <UniqueIdentifier>{9a89aa61-dfa0-470e-b27c-f83312c93a0c}</UniqueIdentifier>
    </Filter>
    <Filter Include="Libraries\nanovg">
      <UniqueIdentifier>{7039951c-4244-4541-9502-b4b9622f3e39}</UniqueIdentifier>
    </Filter>
    <Filter Include="Graphics\UI">
      <UniqueIdentifier>{f63f2d64-82cf-4be2-986a-c483b8b73151}</UniqueIdentifier>
    </Filter>
    <Filter Include="System\Utils">
      <UniqueIdentifier>{ac87da0c-6b74-4505-a202-287a7ff6f166}</UniqueIdentifier>
    </Filter>
    <Filter Include="Libraries\pugi">
      <UniqueIdentifier>{da5df696-ddb0-4c27-a846-d439cc8e8446}</UniqueIdentifier>
    </Filter>
    <Filter Include="System\IO">
      <UniqueIdentifier>{ec97b3d1-0b04-458c-a293-720179880111}</UniqueIdentifier>
    </Filter>
    <Filter Include="System\Objects">
      <UniqueIdentifier>{e9ee4cef-c75f-44c1-bbbd-a1383f7216ed}</UniqueIdentifier>
    </Filter>
  </ItemGroup>
  <ItemGroup>
    <ClCompile Include="..\Libraries\nanovg\src\nanovg.c">
      <Filter>Libraries\nanovg</Filter>
    </ClCompile>
    <ClCompile Include="main.cpp" />
    <ClCompile Include="..\Graphics\UI\OdComponent.cpp">
      <Filter>Graphics\UI</Filter>
    </ClCompile>
    <ClCompile Include="..\System\Utils\OdColour.cpp">
      <Filter>System\Utils</Filter>
    </ClCompile>
    <ClCompile Include="..\Graphics\UI\OdButton.cpp">
      <Filter>Graphics\UI</Filter>
    </ClCompile>
    <ClCompile Include="..\Graphics\OdDraw.cpp">
      <Filter>Graphics</Filter>
    </ClCompile>
    <ClCompile Include="..\Graphics\UI\OdTabView.cpp">
      <Filter>Graphics\UI</Filter>
    </ClCompile>
    <ClCompile Include="..\Graphics\UI\OdLabel.cpp">
      <Filter>Graphics\UI</Filter>
    </ClCompile>
    <ClCompile Include="..\Graphics\UI\OdPanel.cpp">
      <Filter>Graphics\UI</Filter>
    </ClCompile>
    <ClCompile Include="..\Graphics\UI\OdWindow.cpp">
      <Filter>Graphics\UI</Filter>
    </ClCompile>
    <ClCompile Include="..\System\OdApplication.cpp">
      <Filter>System</Filter>
    </ClCompile>
    <ClCompile Include="..\Graphics\OdMainWindow.cpp">
      <Filter>Graphics</Filter>
    </ClCompile>
    <ClCompile Include="..\System\Utils\OdVector2.cpp">
      <Filter>System\Utils</Filter>
    </ClCompile>
    <ClCompile Include="..\DataManager\OdDocument.cpp">
      <Filter>DataManager</Filter>
    </ClCompile>
    <ClCompile Include="..\DataManager\OdDrawingDb.cpp">
      <Filter>DataManager</Filter>
    </ClCompile>
    <ClCompile Include="..\DataManager\OdDocumentManager.cpp">
      <Filter>DataManager</Filter>
    </ClCompile>
    <ClCompile Include="..\Graphics\UI\OdViewport.cpp">
      <Filter>Graphics\UI</Filter>
    </ClCompile>
    <ClCompile Include="..\System\Entities\OdEntity.cpp">
      <Filter>System\Entities</Filter>
    </ClCompile>
    <ClCompile Include="..\System\OdSystem.cpp">
      <Filter>System</Filter>
    </ClCompile>
    <ClCompile Include="..\Libraries\pugixml\src\pugixml.cpp">
      <Filter>Libraries\pugi</Filter>
    </ClCompile>
    <ClCompile Include="..\System\IO\OdXmlReader.cpp">
      <Filter>System\IO</Filter>
    </ClCompile>
    <ClCompile Include="..\DataManager\OdDbObject.cpp">
      <Filter>DataManager</Filter>
    </ClCompile>
    <ClCompile Include="..\System\Objects\OdLayer.cpp">
      <Filter>System\Objects</Filter>
    </ClCompile>
    <ClCompile Include="..\System\OdEditor.cpp">
      <Filter>System</Filter>
    </ClCompile>
    <ClCompile Include="..\Graphics\UI\OdTextbox.cpp">
      <Filter>Graphics\UI</Filter>
    </ClCompile>
    <ClCompile Include="..\System\Utils\OdMath.cpp">
      <Filter>System\Utils</Filter>
    </ClCompile>
  </ItemGroup>
  <ItemGroup>
    <ClInclude Include="..\System\Entities\OdEntity.h">
      <Filter>System\Entities</Filter>
    </ClInclude>
    <ClInclude Include="..\System\OdCore.h">
      <Filter>System</Filter>
    </ClInclude>
    <ClInclude Include="..\Graphics\OdGraphics.h">
      <Filter>Graphics</Filter>
    </ClInclude>
    <ClInclude Include="..\Graphics\OdMainWindow.h">
      <Filter>Graphics</Filter>
    </ClInclude>
    <ClInclude Include="..\Graphics\UI\OdButton.h">
      <Filter>Graphics\UI</Filter>
    </ClInclude>
    <ClInclude Include="..\Graphics\UI\OdComponent.h">
      <Filter>Graphics\UI</Filter>
    </ClInclude>
    <ClInclude Include="..\Graphics\UI\OdInput.h">
      <Filter>Graphics\UI</Filter>
    </ClInclude>
    <ClInclude Include="..\Graphics\UI\OdWindow.h">
      <Filter>Graphics\UI</Filter>
    </ClInclude>
    <ClInclude Include="..\System\Utils\OdColour.h">
      <Filter>System\Utils</Filter>
    </ClInclude>
    <ClInclude Include="..\System\OdApplication.h">
      <Filter>System</Filter>
    </ClInclude>
    <ClInclude Include="..\System\Utils\OdFont.h">
      <Filter>System\Utils</Filter>
    </ClInclude>
    <ClInclude Include="..\Graphics\OdComponents.h">
      <Filter>Graphics</Filter>
    </ClInclude>
    <ClInclude Include="..\Graphics\OdDraw.h">
      <Filter>Graphics</Filter>
    </ClInclude>
    <ClInclude Include="..\Graphics\UI\OdLabel.h">
      <Filter>Graphics\UI</Filter>
    </ClInclude>
    <ClInclude Include="..\System\Utils\OdImage.h">
      <Filter>System\Utils</Filter>
    </ClInclude>
    <ClInclude Include="..\System\OdResourceManager.h">
      <Filter>System</Filter>
    </ClInclude>
    <ClInclude Include="..\Graphics\UI\OdPanel.h">
      <Filter>Graphics\UI</Filter>
    </ClInclude>
    <ClInclude Include="..\Graphics\UI\OdTabView.h">
      <Filter>Graphics\UI</Filter>
    </ClInclude>
    <ClInclude Include="..\System\Utils\OdVector2.h">
      <Filter>System\Utils</Filter>
    </ClInclude>
    <ClInclude Include="..\System\Entities\OdArc.h">
      <Filter>System\Entities</Filter>
    </ClInclude>
    <ClInclude Include="..\System\Entities\OdLine.h">
      <Filter>System\Entities</Filter>
    </ClInclude>
    <ClInclude Include="..\System\Entities\OdCircle.h">
      <Filter>System\Entities</Filter>
    </ClInclude>
    <ClInclude Include="..\System\Entities\OdText.h">
      <Filter>System\Entities</Filter>
    </ClInclude>
    <ClInclude Include="..\DataManager\OdDataManager.h">
      <Filter>DataManager</Filter>
    </ClInclude>
    <ClInclude Include="..\DataManager\OdDocument.h">
      <Filter>DataManager</Filter>
    </ClInclude>
    <ClInclude Include="..\DataManager\OdDrawingDb.h">
      <Filter>DataManager</Filter>
    </ClInclude>
    <ClInclude Include="..\DataManager\OdData.h">
      <Filter>DataManager</Filter>
    </ClInclude>
    <ClInclude Include="..\DataManager\OdDocumentManager.h">
      <Filter>DataManager</Filter>
    </ClInclude>
    <ClInclude Include="..\Graphics\UI\OdViewport.h">
      <Filter>Graphics\UI</Filter>
    </ClInclude>
    <ClInclude Include="..\System\Entities\OdEntities.h">
      <Filter>System\Entities</Filter>
    </ClInclude>
    <ClInclude Include="..\System\OdSystem.h">
      <Filter>System</Filter>
    </ClInclude>
    <ClInclude Include="..\System\IO\OdXmlReader.h">
      <Filter>System\IO</Filter>
    </ClInclude>
    <ClInclude Include="..\System\Entities\OdPoint.h">
      <Filter>System\Entities</Filter>
    </ClInclude>
    <ClInclude Include="..\System\Entities\OdEllipse.h">
      <Filter>System\Entities</Filter>
    </ClInclude>
    <ClInclude Include="..\DataManager\OdDbObject.h">
      <Filter>DataManager</Filter>
    </ClInclude>
    <ClInclude Include="..\System\Objects\OdLayer.h">
      <Filter>System\Objects</Filter>
    </ClInclude>
    <ClInclude Include="..\System\Entities\OdTemplate.h">
      <Filter>System\Entities</Filter>
    </ClInclude>
    <ClInclude Include="..\System\OdEditor.h">
      <Filter>System</Filter>
    </ClInclude>
    <ClInclude Include="..\System\OdEditorInput.h">
      <Filter>System</Filter>
    </ClInclude>
    <ClInclude Include="..\Graphics\UI\OdTextbox.h">
      <Filter>Graphics\UI</Filter>
    </ClInclude>
    <ClInclude Include="..\System\Utils\OdMath.h">
      <Filter>System\Utils</Filter>
    </ClInclude>
    <ClInclude Include="..\System\Utils\OdAlign.h">
      <Filter>System\Utils</Filter>
    </ClInclude>
  </ItemGroup>
</Project>