
Microsoft Visual Studio Solution File, Format Version 12.00
# Visual Studio Version 17
VisualStudioVersion = 17.14.36301.6 d17.14
MinimumVisualStudioVersion = 10.0.40219.1
Project("{FAE04EC0-301F-11D3-BF4B-00C04F79EFBC}") = "OpenDraft", "OpenDraft\OpenDraft.csproj", "{D2A2C9EA-05DB-44AF-9EF8-DCC648C1629C}"
EndProject
Global
	GlobalSection(SolutionConfigurationPlatforms) = preSolution
		Debug|Any CPU = Debug|Any CPU
		Release|Any CPU = Release|Any CPU
	EndGlobalSection
	GlobalSection(ProjectConfigurationPlatforms) = postSolution
		{D2A2C9EA-05DB-44AF-9EF8-DCC648C1629C}.Debug|Any CPU.ActiveCfg = Debug|Any CPU
		{D2A2C9EA-05DB-44AF-9EF8-DCC648C1629C}.Debug|Any CPU.Build.0 = Debug|Any CPU
		{D2A2C9EA-05DB-44AF-9EF8-DCC648C1629C}.Release|Any CPU.ActiveCfg = Release|Any CPU
		{D2A2C9EA-05DB-44AF-9EF8-DCC648C1629C}.Release|Any CPU.Build.0 = Release|Any CPU
	EndGlobalSection
	GlobalSection(SolutionProperties) = preSolution
		HideSolutionNode = FALSE
	EndGlobalSection
	GlobalSection(ExtensibilityGlobals) = postSolution
		SolutionGuid = {323388D7-9CB0-4429-A1F5-12B645D7886E}
	EndGlobalSection
EndGlobal
